
Microsoft Visual Studio Solution File, Format Version 12.00
# Visual Studio Version 16
VisualStudioVersion = 16.0.30717.126
MinimumVisualStudioVersion = 10.0.40219.1
Project("{888888A0-9F3D-457C-B088-3A5042F75D52}") = "GTAuto", "GTAuto.pyproj", "{4F3D8CE1-A9D4-4DFE-AE42-71647AB94BB6}"
EndProject
Global
	GlobalSection(SolutionConfigurationPlatforms) = preSolution
		Debug|Any CPU = Debug|Any CPU
		Release|Any CPU = Release|Any CPU
	EndGlobalSection
	GlobalSection(ProjectConfigurationPlatforms) = postSolution
		{4F3D8CE1-A9D4-4DFE-AE42-71647AB94BB6}.Debug|Any CPU.ActiveCfg = Debug|Any CPU
		{4F3D8CE1-A9D4-4DFE-AE42-71647AB94BB6}.Release|Any CPU.ActiveCfg = Release|Any CPU
	EndGlobalSection
	GlobalSection(SolutionProperties) = preSolution
		HideSolutionNode = FALSE
	EndGlobalSection
	GlobalSection(ExtensibilityGlobals) = postSolution
		SolutionGuid = {DC3E2F3B-F9EE-41B1-95D8-56BA22CE2E04}
	EndGlobalSection
EndGlobal
